
Microsoft Visual Studio Solution File, Format Version 12.00
# Visual Studio Version 17
VisualStudioVersion = 17.8.34322.80
MinimumVisualStudioVersion = 10.0.40219.1
Project("{FAE04EC0-301F-11D3-BF4B-00C04F79EFBC}") = "app_contraseñas", "app_contraseñas.csproj", "{CA2A8637-D1A8-4D56-BEC0-32201A8B9B7B}"
EndProject
Global
	GlobalSection(SolutionConfigurationPlatforms) = preSolution
		Debug|Any CPU = Debug|Any CPU
		Release|Any CPU = Release|Any CPU
	EndGlobalSection
	GlobalSection(ProjectConfigurationPlatforms) = postSolution
		{CA2A8637-D1A8-4D56-BEC0-32201A8B9B7B}.Debug|Any CPU.ActiveCfg = Debug|Any CPU
		{CA2A8637-D1A8-4D56-BEC0-32201A8B9B7B}.Debug|Any CPU.Build.0 = Debug|Any CPU
		{CA2A8637-D1A8-4D56-BEC0-32201A8B9B7B}.Release|Any CPU.ActiveCfg = Release|Any CPU
		{CA2A8637-D1A8-4D56-BEC0-32201A8B9B7B}.Release|Any CPU.Build.0 = Release|Any CPU
	EndGlobalSection
	GlobalSection(SolutionProperties) = preSolution
		HideSolutionNode = FALSE
	EndGlobalSection
	GlobalSection(ExtensibilityGlobals) = postSolution
		SolutionGuid = {9D67B0D6-FD65-4CAB-B366-04CDF9267ADA}
	EndGlobalSection
EndGlobal
